
Microsoft Visual Studio Solution File, Format Version 12.00
# Visual Studio Version 17
VisualStudioVersion = 17.8.34330.188
MinimumVisualStudioVersion = 10.0.40219.1
Project("{2150E333-8FDC-42A3-9474-1A3956D46DE8}") = "ASM.Users", "ASM.Users", "{9FE0D1C4-EA34-4C5F-8A75-9BEC04CCC8CF}"
EndProject
Project("{FAE04EC0-301F-11D3-BF4B-00C04F79EFBC}") = "ASM.Users.Application", "ASM.Users\ASM.Users.Application\ASM.Users.Application.csproj", "{1D5F6ADD-43B4-4C84-ACA4-01F239D2272D}"
EndProject
Project("{2150E333-8FDC-42A3-9474-1A3956D46DE8}") = "Building blocks", "Building blocks", "{C9038480-744A-49C2-B6E2-95606D238E7A}"
EndProject
Project("{2150E333-8FDC-42A3-9474-1A3956D46DE8}") = "ASM.Posts", "ASM.Posts", "{34DD4649-E71F-4D82-B8B7-A0DB70E35D36}"
EndProject
Project("{FAE04EC0-301F-11D3-BF4B-00C04F79EFBC}") = "ASM.Posts.Application", "ASM.Posts\ASM.Posts.Application\ASM.Posts.Application.csproj", "{5627705C-7B72-4FAA-961C-0FC87B6153B9}"
EndProject
Project("{2150E333-8FDC-42A3-9474-1A3956D46DE8}") = "ASM.Newsfeed", "ASM.Newsfeed", "{D9F3FC43-485C-4400-B863-998DB8DE9501}"
EndProject
Project("{FAE04EC0-301F-11D3-BF4B-00C04F79EFBC}") = "ASM.Newsfeed.Application", "ASM.Newsfeed\ASM.Newsfeed.Application\ASM.Newsfeed.Application.csproj", "{67869209-26BD-41CF-A02F-9B257A1E167E}"
EndProject
Project("{2150E333-8FDC-42A3-9474-1A3956D46DE8}") = "ASM.SocialGraph", "ASM.SocialGraph", "{35607017-38A9-4EE0-992F-A02E11254144}"
EndProject
Project("{FAE04EC0-301F-11D3-BF4B-00C04F79EFBC}") = "ASM.SocialGraph.Application", "ASM.SocialGraph\ASM.SocialGraph.Application\ASM.SocialGraph.Application.csproj", "{62289AF9-F804-4A00-8287-78E0BD1B31D1}"
EndProject
Project("{FAE04EC0-301F-11D3-BF4B-00C04F79EFBC}") = "ASM.Newsfeed.Domain", "ASM.Newsfeed\ASM.Newsfeed.Domain\ASM.Newsfeed.Domain.csproj", "{23EC4440-9262-4CE0-97DE-A6685BDE567A}"
EndProject
Project("{FAE04EC0-301F-11D3-BF4B-00C04F79EFBC}") = "ASM.Newsfeed.Infrastructure", "ASM.Newsfeed\ASM.Newsfeed.Infrastructure\ASM.Newsfeed.Infrastructure.csproj", "{26B2E7F6-5696-46A3-8374-26F7B233923A}"
EndProject
Project("{FAE04EC0-301F-11D3-BF4B-00C04F79EFBC}") = "ASM.Posts.Domain", "ASM.Posts\ASM.Posts.Domain\ASM.Posts.Domain.csproj", "{EF96313D-093D-468A-9DD2-0A48171E150D}"
EndProject
Project("{FAE04EC0-301F-11D3-BF4B-00C04F79EFBC}") = "ASM.Posts.Infrastructure", "ASM.Posts\ASM.Posts.Infrastructure\ASM.Posts.Infrastructure.csproj", "{8E52F129-B4B8-417F-909F-CB6948F75E9E}"
EndProject
Project("{FAE04EC0-301F-11D3-BF4B-00C04F79EFBC}") = "ASM.SocialGraph.Domain", "ASM.SocialGraph\ASM.SocialGraph.Domain\ASM.SocialGraph.Domain.csproj", "{3369C4FD-E03F-484B-B58E-E6F689A7982D}"
EndProject
Project("{FAE04EC0-301F-11D3-BF4B-00C04F79EFBC}") = "ASM.SocialGraph.Infrastructure", "ASM.SocialGraph\ASM.SocialGraph.Infrastructure\ASM.SocialGraph.Infrastructure.csproj", "{01340CEE-EF67-4C3C-9F7F-D44B9BA4614D}"
EndProject
Project("{FAE04EC0-301F-11D3-BF4B-00C04F79EFBC}") = "ASM.Users.Domain", "ASM.Users\ASM.Users.Domain\ASM.Users.Domain.csproj", "{B4C48B3E-FF92-405D-BAFC-A4DAE2B8F638}"
EndProject
Project("{FAE04EC0-301F-11D3-BF4B-00C04F79EFBC}") = "ASM.Core", "Building blocks\ASM.Core\ASM.Core.csproj", "{B9420490-9A29-4DF6-9419-7BD64808DF55}"
EndProject
Project("{FAE04EC0-301F-11D3-BF4B-00C04F79EFBC}") = "ASM.Users.Infrastructure", "ASM.Users\ASM.Users.Infrastructure\ASM.Users.Infrastructure.csproj", "{340BC5CF-5AD2-4029-AAAA-64D40E5B71CE}"
EndProject
Project("{FAE04EC0-301F-11D3-BF4B-00C04F79EFBC}") = "ASM.Newsfeed.Api", "ASM.Newsfeed\ASM.Newsfeed.Api\ASM.Newsfeed.Api.csproj", "{1AC7C12B-7A68-4236-A050-34AA8025C3C0}"
EndProject
Project("{FAE04EC0-301F-11D3-BF4B-00C04F79EFBC}") = "ASM.Posts.Api", "ASM.Posts\ASM.Posts.Api\ASM.Posts.Api.csproj", "{DB6A353F-6140-4837-8C12-1F83EC4856B2}"
EndProject
Project("{FAE04EC0-301F-11D3-BF4B-00C04F79EFBC}") = "ASM.SocialGraph.Api", "ASM.SocialGraph\ASM.SocialGraph.Api\ASM.SocialGraph.Api.csproj", "{89612330-53C8-4CD2-8B48-741BB42DEB80}"
EndProject
Project("{FAE04EC0-301F-11D3-BF4B-00C04F79EFBC}") = "ASM.Users.Api", "ASM.Users\ASM.Users.Api\ASM.Users.Api.csproj", "{FB7F60A6-B099-4063-8564-F287253F2375}"
EndProject
Global
	GlobalSection(SolutionConfigurationPlatforms) = preSolution
		Debug|Any CPU = Debug|Any CPU
		Release|Any CPU = Release|Any CPU
	EndGlobalSection
	GlobalSection(ProjectConfigurationPlatforms) = postSolution
		{1D5F6ADD-43B4-4C84-ACA4-01F239D2272D}.Debug|Any CPU.ActiveCfg = Debug|Any CPU
		{1D5F6ADD-43B4-4C84-ACA4-01F239D2272D}.Debug|Any CPU.Build.0 = Debug|Any CPU
		{1D5F6ADD-43B4-4C84-ACA4-01F239D2272D}.Release|Any CPU.ActiveCfg = Release|Any CPU
		{1D5F6ADD-43B4-4C84-ACA4-01F239D2272D}.Release|Any CPU.Build.0 = Release|Any CPU
		{5627705C-7B72-4FAA-961C-0FC87B6153B9}.Debug|Any CPU.ActiveCfg = Debug|Any CPU
		{5627705C-7B72-4FAA-961C-0FC87B6153B9}.Debug|Any CPU.Build.0 = Debug|Any CPU
		{5627705C-7B72-4FAA-961C-0FC87B6153B9}.Release|Any CPU.ActiveCfg = Release|Any CPU
		{5627705C-7B72-4FAA-961C-0FC87B6153B9}.Release|Any CPU.Build.0 = Release|Any CPU
		{67869209-26BD-41CF-A02F-9B257A1E167E}.Debug|Any CPU.ActiveCfg = Debug|Any CPU
		{67869209-26BD-41CF-A02F-9B257A1E167E}.Debug|Any CPU.Build.0 = Debug|Any CPU
		{67869209-26BD-41CF-A02F-9B257A1E167E}.Release|Any CPU.ActiveCfg = Release|Any CPU
		{67869209-26BD-41CF-A02F-9B257A1E167E}.Release|Any CPU.Build.0 = Release|Any CPU
		{62289AF9-F804-4A00-8287-78E0BD1B31D1}.Debug|Any CPU.ActiveCfg = Debug|Any CPU
		{62289AF9-F804-4A00-8287-78E0BD1B31D1}.Debug|Any CPU.Build.0 = Debug|Any CPU
		{62289AF9-F804-4A00-8287-78E0BD1B31D1}.Release|Any CPU.ActiveCfg = Release|Any CPU
		{62289AF9-F804-4A00-8287-78E0BD1B31D1}.Release|Any CPU.Build.0 = Release|Any CPU
		{23EC4440-9262-4CE0-97DE-A6685BDE567A}.Debug|Any CPU.ActiveCfg = Debug|Any CPU
		{23EC4440-9262-4CE0-97DE-A6685BDE567A}.Debug|Any CPU.Build.0 = Debug|Any CPU
		{23EC4440-9262-4CE0-97DE-A6685BDE567A}.Release|Any CPU.ActiveCfg = Release|Any CPU
		{23EC4440-9262-4CE0-97DE-A6685BDE567A}.Release|Any CPU.Build.0 = Release|Any CPU
		{26B2E7F6-5696-46A3-8374-26F7B233923A}.Debug|Any CPU.ActiveCfg = Debug|Any CPU
		{26B2E7F6-5696-46A3-8374-26F7B233923A}.Debug|Any CPU.Build.0 = Debug|Any CPU
		{26B2E7F6-5696-46A3-8374-26F7B233923A}.Release|Any CPU.ActiveCfg = Release|Any CPU
		{26B2E7F6-5696-46A3-8374-26F7B233923A}.Release|Any CPU.Build.0 = Release|Any CPU
		{EF96313D-093D-468A-9DD2-0A48171E150D}.Debug|Any CPU.ActiveCfg = Debug|Any CPU
		{EF96313D-093D-468A-9DD2-0A48171E150D}.Debug|Any CPU.Build.0 = Debug|Any CPU
		{EF96313D-093D-468A-9DD2-0A48171E150D}.Release|Any CPU.ActiveCfg = Release|Any CPU
		{EF96313D-093D-468A-9DD2-0A48171E150D}.Release|Any CPU.Build.0 = Release|Any CPU
		{8E52F129-B4B8-417F-909F-CB6948F75E9E}.Debug|Any CPU.ActiveCfg = Debug|Any CPU
		{8E52F129-B4B8-417F-909F-CB6948F75E9E}.Debug|Any CPU.Build.0 = Debug|Any CPU
		{8E52F129-B4B8-417F-909F-CB6948F75E9E}.Release|Any CPU.ActiveCfg = Release|Any CPU
		{8E52F129-B4B8-417F-909F-CB6948F75E9E}.Release|Any CPU.Build.0 = Release|Any CPU
		{3369C4FD-E03F-484B-B58E-E6F689A7982D}.Debug|Any CPU.ActiveCfg = Debug|Any CPU
		{3369C4FD-E03F-484B-B58E-E6F689A7982D}.Debug|Any CPU.Build.0 = Debug|Any CPU
		{3369C4FD-E03F-484B-B58E-E6F689A7982D}.Release|Any CPU.ActiveCfg = Release|Any CPU
		{3369C4FD-E03F-484B-B58E-E6F689A7982D}.Release|Any CPU.Build.0 = Release|Any CPU
		{01340CEE-EF67-4C3C-9F7F-D44B9BA4614D}.Debug|Any CPU.ActiveCfg = Debug|Any CPU
		{01340CEE-EF67-4C3C-9F7F-D44B9BA4614D}.Debug|Any CPU.Build.0 = Debug|Any CPU
		{01340CEE-EF67-4C3C-9F7F-D44B9BA4614D}.Release|Any CPU.ActiveCfg = Release|Any CPU
		{01340CEE-EF67-4C3C-9F7F-D44B9BA4614D}.Release|Any CPU.Build.0 = Release|Any CPU
		{B4C48B3E-FF92-405D-BAFC-A4DAE2B8F638}.Debug|Any CPU.ActiveCfg = Debug|Any CPU
		{B4C48B3E-FF92-405D-BAFC-A4DAE2B8F638}.Debug|Any CPU.Build.0 = Debug|Any CPU
		{B4C48B3E-FF92-405D-BAFC-A4DAE2B8F638}.Release|Any CPU.ActiveCfg = Release|Any CPU
		{B4C48B3E-FF92-405D-BAFC-A4DAE2B8F638}.Release|Any CPU.Build.0 = Release|Any CPU
		{B9420490-9A29-4DF6-9419-7BD64808DF55}.Debug|Any CPU.ActiveCfg = Debug|Any CPU
		{B9420490-9A29-4DF6-9419-7BD64808DF55}.Debug|Any CPU.Build.0 = Debug|Any CPU
		{B9420490-9A29-4DF6-9419-7BD64808DF55}.Release|Any CPU.ActiveCfg = Release|Any CPU
		{B9420490-9A29-4DF6-9419-7BD64808DF55}.Release|Any CPU.Build.0 = Release|Any CPU
		{340BC5CF-5AD2-4029-AAAA-64D40E5B71CE}.Debug|Any CPU.ActiveCfg = Debug|Any CPU
		{340BC5CF-5AD2-4029-AAAA-64D40E5B71CE}.Debug|Any CPU.Build.0 = Debug|Any CPU
		{340BC5CF-5AD2-4029-AAAA-64D40E5B71CE}.Release|Any CPU.ActiveCfg = Release|Any CPU
		{340BC5CF-5AD2-4029-AAAA-64D40E5B71CE}.Release|Any CPU.Build.0 = Release|Any CPU
		{1AC7C12B-7A68-4236-A050-34AA8025C3C0}.Debug|Any CPU.ActiveCfg = Debug|Any CPU
		{1AC7C12B-7A68-4236-A050-34AA8025C3C0}.Debug|Any CPU.Build.0 = Debug|Any CPU
		{1AC7C12B-7A68-4236-A050-34AA8025C3C0}.Release|Any CPU.ActiveCfg = Release|Any CPU
		{1AC7C12B-7A68-4236-A050-34AA8025C3C0}.Release|Any CPU.Build.0 = Release|Any CPU
		{DB6A353F-6140-4837-8C12-1F83EC4856B2}.Debug|Any CPU.ActiveCfg = Debug|Any CPU
		{DB6A353F-6140-4837-8C12-1F83EC4856B2}.Debug|Any CPU.Build.0 = Debug|Any CPU
		{DB6A353F-6140-4837-8C12-1F83EC4856B2}.Release|Any CPU.ActiveCfg = Release|Any CPU
		{DB6A353F-6140-4837-8C12-1F83EC4856B2}.Release|Any CPU.Build.0 = Release|Any CPU
		{89612330-53C8-4CD2-8B48-741BB42DEB80}.Debug|Any CPU.ActiveCfg = Debug|Any CPU
		{89612330-53C8-4CD2-8B48-741BB42DEB80}.Debug|Any CPU.Build.0 = Debug|Any CPU
		{89612330-53C8-4CD2-8B48-741BB42DEB80}.Release|Any CPU.ActiveCfg = Release|Any CPU
		{89612330-53C8-4CD2-8B48-741BB42DEB80}.Release|Any CPU.Build.0 = Release|Any CPU
		{FB7F60A6-B099-4063-8564-F287253F2375}.Debug|Any CPU.ActiveCfg = Debug|Any CPU
		{FB7F60A6-B099-4063-8564-F287253F2375}.Debug|Any CPU.Build.0 = Debug|Any CPU
		{FB7F60A6-B099-4063-8564-F287253F2375}.Release|Any CPU.ActiveCfg = Release|Any CPU
		{FB7F60A6-B099-4063-8564-F287253F2375}.Release|Any CPU.Build.0 = Release|Any CPU
	EndGlobalSection
	GlobalSection(SolutionProperties) = preSolution
		HideSolutionNode = FALSE
	EndGlobalSection
	GlobalSection(NestedProjects) = preSolution
		{1D5F6ADD-43B4-4C84-ACA4-01F239D2272D} = {9FE0D1C4-EA34-4C5F-8A75-9BEC04CCC8CF}
		{5627705C-7B72-4FAA-961C-0FC87B6153B9} = {34DD4649-E71F-4D82-B8B7-A0DB70E35D36}
		{67869209-26BD-41CF-A02F-9B257A1E167E} = {D9F3FC43-485C-4400-B863-998DB8DE9501}
		{62289AF9-F804-4A00-8287-78E0BD1B31D1} = {35607017-38A9-4EE0-992F-A02E11254144}
		{23EC4440-9262-4CE0-97DE-A6685BDE567A} = {D9F3FC43-485C-4400-B863-998DB8DE9501}
		{26B2E7F6-5696-46A3-8374-26F7B233923A} = {D9F3FC43-485C-4400-B863-998DB8DE9501}
		{EF96313D-093D-468A-9DD2-0A48171E150D} = {34DD4649-E71F-4D82-B8B7-A0DB70E35D36}
		{8E52F129-B4B8-417F-909F-CB6948F75E9E} = {34DD4649-E71F-4D82-B8B7-A0DB70E35D36}
		{3369C4FD-E03F-484B-B58E-E6F689A7982D} = {35607017-38A9-4EE0-992F-A02E11254144}
		{01340CEE-EF67-4C3C-9F7F-D44B9BA4614D} = {35607017-38A9-4EE0-992F-A02E11254144}
		{B4C48B3E-FF92-405D-BAFC-A4DAE2B8F638} = {9FE0D1C4-EA34-4C5F-8A75-9BEC04CCC8CF}
		{B9420490-9A29-4DF6-9419-7BD64808DF55} = {C9038480-744A-49C2-B6E2-95606D238E7A}
		{340BC5CF-5AD2-4029-AAAA-64D40E5B71CE} = {9FE0D1C4-EA34-4C5F-8A75-9BEC04CCC8CF}
		{1AC7C12B-7A68-4236-A050-34AA8025C3C0} = {D9F3FC43-485C-4400-B863-998DB8DE9501}
		{DB6A353F-6140-4837-8C12-1F83EC4856B2} = {34DD4649-E71F-4D82-B8B7-A0DB70E35D36}
		{89612330-53C8-4CD2-8B48-741BB42DEB80} = {35607017-38A9-4EE0-992F-A02E11254144}
		{FB7F60A6-B099-4063-8564-F287253F2375} = {9FE0D1C4-EA34-4C5F-8A75-9BEC04CCC8CF}
	EndGlobalSection
	GlobalSection(ExtensibilityGlobals) = postSolution
		SolutionGuid = {9C360A10-0E3E-40F5-BBA7-3D8A52791BAB}
	EndGlobalSection
EndGlobal
